
Microsoft Visual Studio Solution File, Format Version 12.00
# Visual Studio Version 16
VisualStudioVersion = 16.0.31112.23
MinimumVisualStudioVersion = 10.0.40219.1
Project("{FAE04EC0-301F-11D3-BF4B-00C04F79EFBC}") = "Exercicio1_programacao", "Exercicio1_programacao\Exercicio1_programacao.csproj", "{6116AFF0-3552-4842-A09E-864DB792C772}"
EndProject
Global
	GlobalSection(SolutionConfigurationPlatforms) = preSolution
		Debug|Any CPU = Debug|Any CPU
		Release|Any CPU = Release|Any CPU
	EndGlobalSection
	GlobalSection(ProjectConfigurationPlatforms) = postSolution
		{6116AFF0-3552-4842-A09E-864DB792C772}.Debug|Any CPU.ActiveCfg = Debug|Any CPU
		{6116AFF0-3552-4842-A09E-864DB792C772}.Debug|Any CPU.Build.0 = Debug|Any CPU
		{6116AFF0-3552-4842-A09E-864DB792C772}.Release|Any CPU.ActiveCfg = Release|Any CPU
		{6116AFF0-3552-4842-A09E-864DB792C772}.Release|Any CPU.Build.0 = Release|Any CPU
	EndGlobalSection
	GlobalSection(SolutionProperties) = preSolution
		HideSolutionNode = FALSE
	EndGlobalSection
	GlobalSection(ExtensibilityGlobals) = postSolution
		SolutionGuid = {982350F0-9F7B-4D4E-AC58-8EE9F40CCCFC}
	EndGlobalSection
EndGlobal
